
Microsoft Visual Studio Solution File, Format Version 12.00
# Visual Studio 2012
Project("{FAE04EC0-301F-11D3-BF4B-00C04F79EFBC}") = "DotaAnalyzerUpdater", "DotaAnalyzerUpdater\DotaAnalyzerUpdater.csproj", "{6C977FB9-656E-458E-ACE8-9C7FF6B8815B}"
EndProject
Global
	GlobalSection(SolutionConfigurationPlatforms) = preSolution
		Debug|Any CPU = Debug|Any CPU
		Release|Any CPU = Release|Any CPU
	EndGlobalSection
	GlobalSection(ProjectConfigurationPlatforms) = postSolution
		{6C977FB9-656E-458E-ACE8-9C7FF6B8815B}.Debug|Any CPU.ActiveCfg = Debug|Any CPU
		{6C977FB9-656E-458E-ACE8-9C7FF6B8815B}.Debug|Any CPU.Build.0 = Debug|Any CPU
		{6C977FB9-656E-458E-ACE8-9C7FF6B8815B}.Release|Any CPU.ActiveCfg = Release|Any CPU
		{6C977FB9-656E-458E-ACE8-9C7FF6B8815B}.Release|Any CPU.Build.0 = Release|Any CPU
	EndGlobalSection
	GlobalSection(SolutionProperties) = preSolution
		HideSolutionNode = FALSE
	EndGlobalSection
EndGlobal
